{
    "hash": "44ac48c018b4a594192a49df8d875da8",
    "packages": [
        {
            "package": "doctrine/common",
            "version": "2.2.0"
        },
        {
            "package": "doctrine/dbal",
            "version": "2.1.6"
        },
        {
            "package": "symfony/console",
            "version": "v2.0.10"
        }
    ],
    "aliases": []
}
